
Microsoft Visual Studio Solution File, Format Version 12.00
# Visual Studio 2012
Project("{FAE04EC0-301F-11D3-BF4B-00C04F79EFBC}") = "NuPeek.1.1", "NuPeek\NuPeek.1.1.csproj", "{15972564-B34D-40F2-9EC8-7FCB939DC4FE}"
EndProject
Project("{2150E333-8FDC-42A3-9474-1A3956D46DE8}") = ".nuget", ".nuget", "{5B1B5068-B814-4724-9EA8-BFFA9A28B681}"
	ProjectSection(SolutionItems) = preProject
		.nuget\NuGet.Config = .nuget\NuGet.Config
		.nuget\NuGet.exe = .nuget\NuGet.exe
		.nuget\NuGet.targets = .nuget\NuGet.targets
	EndProjectSection
EndProject
Project("{FAE04EC0-301F-11D3-BF4B-00C04F79EFBC}") = "NuPeek.1.0", "NuPeek\NuPeek.1.0.csproj", "{15972564-B34D-40EC-9F28-7FC9DC4FEB93}"
EndProject
Global
	GlobalSection(SolutionConfigurationPlatforms) = preSolution
		Debug|Any CPU = Debug|Any CPU
		Release|Any CPU = Release|Any CPU
	EndGlobalSection
	GlobalSection(ProjectConfigurationPlatforms) = postSolution
		{15972564-B34D-40F2-9EC8-7FCB939DC4FE}.Debug|Any CPU.ActiveCfg = Debug|Any CPU
		{15972564-B34D-40F2-9EC8-7FCB939DC4FE}.Debug|Any CPU.Build.0 = Debug|Any CPU
		{15972564-B34D-40F2-9EC8-7FCB939DC4FE}.Release|Any CPU.ActiveCfg = Release|Any CPU
		{15972564-B34D-40F2-9EC8-7FCB939DC4FE}.Release|Any CPU.Build.0 = Release|Any CPU
		{15972564-B34D-40EC-9F28-7FC9DC4FEB93}.Debug|Any CPU.ActiveCfg = Debug|Any CPU
		{15972564-B34D-40EC-9F28-7FC9DC4FEB93}.Debug|Any CPU.Build.0 = Debug|Any CPU
		{15972564-B34D-40EC-9F28-7FC9DC4FEB93}.Release|Any CPU.ActiveCfg = Release|Any CPU
		{15972564-B34D-40EC-9F28-7FC9DC4FEB93}.Release|Any CPU.Build.0 = Release|Any CPU
	EndGlobalSection
	GlobalSection(SolutionProperties) = preSolution
		HideSolutionNode = FALSE
	EndGlobalSection
EndGlobal
